
Microsoft Visual Studio Solution File, Format Version 12.00
# Visual Studio Version 16
VisualStudioVersion = 16.0.33214.272
MinimumVisualStudioVersion = 10.0.40219.1
Project("{8BC9CEB8-8B4A-11D0-8D11-00A0C91BC942}") = "ls_7.1_M_P", "ls_7.1_M_P\ls_7.1_M_P.vcxproj", "{327B7445-3A7D-40C7-BE3D-9E6A10C90BF8}"
EndProject
Global
	GlobalSection(SolutionConfigurationPlatforms) = preSolution
		Debug|x64 = Debug|x64
		Debug|x86 = Debug|x86
		Release|x64 = Release|x64
		Release|x86 = Release|x86
	EndGlobalSection
	GlobalSection(ProjectConfigurationPlatforms) = postSolution
		{327B7445-3A7D-40C7-BE3D-9E6A10C90BF8}.Debug|x64.ActiveCfg = Debug|x64
		{327B7445-3A7D-40C7-BE3D-9E6A10C90BF8}.Debug|x64.Build.0 = Debug|x64
		{327B7445-3A7D-40C7-BE3D-9E6A10C90BF8}.Debug|x86.ActiveCfg = Debug|Win32
		{327B7445-3A7D-40C7-BE3D-9E6A10C90BF8}.Debug|x86.Build.0 = Debug|Win32
		{327B7445-3A7D-40C7-BE3D-9E6A10C90BF8}.Release|x64.ActiveCfg = Release|x64
		{327B7445-3A7D-40C7-BE3D-9E6A10C90BF8}.Release|x64.Build.0 = Release|x64
		{327B7445-3A7D-40C7-BE3D-9E6A10C90BF8}.Release|x86.ActiveCfg = Release|Win32
		{327B7445-3A7D-40C7-BE3D-9E6A10C90BF8}.Release|x86.Build.0 = Release|Win32
	EndGlobalSection
	GlobalSection(SolutionProperties) = preSolution
		HideSolutionNode = FALSE
	EndGlobalSection
	GlobalSection(ExtensibilityGlobals) = postSolution
		SolutionGuid = {15C903E5-028E-4512-829A-A01E4FE70A5A}
	EndGlobalSection
EndGlobal
